// !$*UTF8*$!
{
	archiveVersion = 1;
	classes = {
	};
	objectVersion = 46;
	objects = {

/* Begin PBXBuildFile section */
		A18931361CAD6A1200458B69 /* asset.json in Resources */ = {isa = PBXBuildFile; fileRef = A18931321CAD6A1200458B69 /* asset.json */; };
		A18931371CAD6A1200458B69 /* assets.json in Resources */ = {isa = PBXBuildFile; fileRef = A18931331CAD6A1200458B69 /* assets.json */; };
		A18931381CAD6A1200458B69 /* clients.json in Resources */ = {isa = PBXBuildFile; fileRef = A18931341CAD6A1200458B69 /* clients.json */; };
		A18931391CAD6A1200458B69 /* client.json in Resources */ = {isa = PBXBuildFile; fileRef = A18931351CAD6A1200458B69 /* client.json */; };
		A189313D1CAD6AF300458B69 /* AssetIntegrationTests.swift in Sources */ = {isa = PBXBuildFile; fileRef = A189313C1CAD6AF300458B69 /* AssetIntegrationTests.swift */; };
		A18931431CAFF3D500458B69 /* sample.zip in Resources */ = {isa = PBXBuildFile; fileRef = A18931421CAFF3D500458B69 /* sample.zip */; };
		A1A19C551CA7731D00D38032 /* RomeKit.h in Headers */ = {isa = PBXBuildFile; fileRef = A1A19C541CA7731D00D38032 /* RomeKit.h */; settings = {ATTRIBUTES = (Public, ); }; };
		A1A19C5C1CA7731D00D38032 /* RomeKit.framework in Frameworks */ = {isa = PBXBuildFile; fileRef = A1A19C511CA7731D00D38032 /* RomeKit.framework */; };
		A1CE5C931CA83FEB007D705B /* ObjectMapper.framework in Frameworks */ = {isa = PBXBuildFile; fileRef = A1CE5C911CA83FEB007D705B /* ObjectMapper.framework */; };
		A1CE5C941CA83FEB007D705B /* Alamofire.framework in Frameworks */ = {isa = PBXBuildFile; fileRef = A1CE5C921CA83FEB007D705B /* Alamofire.framework */; };
		A1CE5C9C1CA89EED007D705B /* Client.swift in Sources */ = {isa = PBXBuildFile; fileRef = A1CE5C9A1CA89EED007D705B /* Client.swift */; };
		A1CE5C9D1CA89EED007D705B /* Asset.swift in Sources */ = {isa = PBXBuildFile; fileRef = A1CE5C9B1CA89EED007D705B /* Asset.swift */; };
		A1CE5CB91CA8B1D9007D705B /* FileHelpers.swift in Sources */ = {isa = PBXBuildFile; fileRef = A1CE5CB81CA8B1D9007D705B /* FileHelpers.swift */; };
		A1CE5CBB1CA8BBB3007D705B /* ISO8601MilliSecondsDateTransform.swift in Sources */ = {isa = PBXBuildFile; fileRef = A1CE5CBA1CA8BBB3007D705B /* ISO8601MilliSecondsDateTransform.swift */; };
		A1CE5CC61CAB2F68007D705B /* NetworkManager.swift in Sources */ = {isa = PBXBuildFile; fileRef = A1CE5CC51CAB2F68007D705B /* NetworkManager.swift */; };
		A1CE5CC81CAB2FB1007D705B /* RomeRoutes.swift in Sources */ = {isa = PBXBuildFile; fileRef = A1CE5CC71CAB2FB1007D705B /* RomeRoutes.swift */; };
		A1CE5CCB1CAB4053007D705B /* Assets.swift in Sources */ = {isa = PBXBuildFile; fileRef = A1CE5CCA1CAB4053007D705B /* Assets.swift */; };
		A1CE5CCD1CAB4077007D705B /* Clients.swift in Sources */ = {isa = PBXBuildFile; fileRef = A1CE5CCC1CAB4077007D705B /* Clients.swift */; };
		A1CE5CCF1CAB4172007D705B /* Bootstrap.swift in Sources */ = {isa = PBXBuildFile; fileRef = A1CE5CCE1CAB4172007D705B /* Bootstrap.swift */; };
		A1CE5CD41CAB4D2B007D705B /* Errors.swift in Sources */ = {isa = PBXBuildFile; fileRef = A1CE5CD31CAB4D2B007D705B /* Errors.swift */; };
		A1CE5CD91CAB55E3007D705B /* AssetModelTests.swift in Sources */ = {isa = PBXBuildFile; fileRef = A1CE5CD71CAB55E3007D705B /* AssetModelTests.swift */; };
		A1CE5CDA1CAB55E3007D705B /* ClientModelTests.swift in Sources */ = {isa = PBXBuildFile; fileRef = A1CE5CD81CAB55E3007D705B /* ClientModelTests.swift */; };
		A1CE5CDC1CAB561D007D705B /* ClientIntegrationTests.swift in Sources */ = {isa = PBXBuildFile; fileRef = A1CE5CDB1CAB561D007D705B /* ClientIntegrationTests.swift */; };
		A1CE5CDE1CAB57C4007D705B /* Networking.swift in Sources */ = {isa = PBXBuildFile; fileRef = A1CE5CDD1CAB57C4007D705B /* Networking.swift */; };
		A1CE5CE01CAC8692007D705B /* Headers.swift in Sources */ = {isa = PBXBuildFile; fileRef = A1CE5CDF1CAC8692007D705B /* Headers.swift */; };
/* End PBXBuildFile section */

/* Begin PBXContainerItemProxy section */
		A1A19C5D1CA7731D00D38032 /* PBXContainerItemProxy */ = {
			isa = PBXContainerItemProxy;
			containerPortal = A1A19C481CA7731D00D38032 /* Project object */;
			proxyType = 1;
			remoteGlobalIDString = A1A19C501CA7731D00D38032;
			remoteInfo = RomeKit;
		};
/* End PBXContainerItemProxy section */

/* Begin PBXCopyFilesBuildPhase section */
		A1CE5CD11CAB4735007D705B /* CopyFiles */ = {
			isa = PBXCopyFilesBuildPhase;
			buildActionMask = 2147483647;
			dstPath = "";
			dstSubfolderSpec = 10;
			files = (
			);
			runOnlyForDeploymentPostprocessing = 0;
		};
/* End PBXCopyFilesBuildPhase section */

/* Begin PBXFileReference section */
		A18931321CAD6A1200458B69 /* asset.json */ = {isa = PBXFileReference; fileEncoding = 4; lastKnownFileType = text.json; name = asset.json; path = "Sample Data/asset.json"; sourceTree = "<group>"; };
		A18931331CAD6A1200458B69 /* assets.json */ = {isa = PBXFileReference; fileEncoding = 4; lastKnownFileType = text.json; name = assets.json; path = "Sample Data/assets.json"; sourceTree = "<group>"; };
		A18931341CAD6A1200458B69 /* clients.json */ = {isa = PBXFileReference; fileEncoding = 4; lastKnownFileType = text.json; name = clients.json; path = "Sample Data/clients.json"; sourceTree = "<group>"; };
		A18931351CAD6A1200458B69 /* client.json */ = {isa = PBXFileReference; fileEncoding = 4; lastKnownFileType = text.json; name = client.json; path = "Sample Data/client.json"; sourceTree = "<group>"; };
		A189313C1CAD6AF300458B69 /* AssetIntegrationTests.swift */ = {isa = PBXFileReference; fileEncoding = 4; lastKnownFileType = sourcecode.swift; name = AssetIntegrationTests.swift; path = "Integration Tests/AssetIntegrationTests.swift"; sourceTree = "<group>"; };
		A18931421CAFF3D500458B69 /* sample.zip */ = {isa = PBXFileReference; lastKnownFileType = archive.zip; name = sample.zip; path = "Sample Data/sample.zip"; sourceTree = "<group>"; };
		A1A19C511CA7731D00D38032 /* RomeKit.framework */ = {isa = PBXFileReference; explicitFileType = wrapper.framework; includeInIndex = 0; path = RomeKit.framework; sourceTree = BUILT_PRODUCTS_DIR; };
		A1A19C541CA7731D00D38032 /* RomeKit.h */ = {isa = PBXFileReference; lastKnownFileType = sourcecode.c.h; path = RomeKit.h; sourceTree = "<group>"; };
		A1A19C561CA7731D00D38032 /* Info.plist */ = {isa = PBXFileReference; lastKnownFileType = text.plist.xml; path = Info.plist; sourceTree = "<group>"; };
		A1A19C5B1CA7731D00D38032 /* RomeKitTests.xctest */ = {isa = PBXFileReference; explicitFileType = wrapper.cfbundle; includeInIndex = 0; path = RomeKitTests.xctest; sourceTree = BUILT_PRODUCTS_DIR; };
		A1A19C621CA7731D00D38032 /* Info.plist */ = {isa = PBXFileReference; lastKnownFileType = text.plist.xml; path = Info.plist; sourceTree = "<group>"; };
		A1CE5C911CA83FEB007D705B /* ObjectMapper.framework */ = {isa = PBXFileReference; lastKnownFileType = wrapper.framework; name = ObjectMapper.framework; path = Carthage/Build/Mac/ObjectMapper.framework; sourceTree = SOURCE_ROOT; };
		A1CE5C921CA83FEB007D705B /* Alamofire.framework */ = {isa = PBXFileReference; lastKnownFileType = wrapper.framework; name = Alamofire.framework; path = Carthage/Build/Mac/Alamofire.framework; sourceTree = SOURCE_ROOT; };
		A1CE5C9A1CA89EED007D705B /* Client.swift */ = {isa = PBXFileReference; fileEncoding = 4; lastKnownFileType = sourcecode.swift; name = Client.swift; path = Models/Client.swift; sourceTree = "<group>"; };
		A1CE5C9B1CA89EED007D705B /* Asset.swift */ = {isa = PBXFileReference; fileEncoding = 4; lastKnownFileType = sourcecode.swift; name = Asset.swift; path = Models/Asset.swift; sourceTree = "<group>"; };
		A1CE5CB81CA8B1D9007D705B /* FileHelpers.swift */ = {isa = PBXFileReference; fileEncoding = 4; lastKnownFileType = sourcecode.swift; name = FileHelpers.swift; path = Utilities/FileHelpers.swift; sourceTree = "<group>"; };
		A1CE5CBA1CA8BBB3007D705B /* ISO8601MilliSecondsDateTransform.swift */ = {isa = PBXFileReference; fileEncoding = 4; lastKnownFileType = sourcecode.swift; name = ISO8601MilliSecondsDateTransform.swift; path = Utilities/ISO8601MilliSecondsDateTransform.swift; sourceTree = "<group>"; };
		A1CE5CC51CAB2F68007D705B /* NetworkManager.swift */ = {isa = PBXFileReference; fileEncoding = 4; lastKnownFileType = sourcecode.swift; name = NetworkManager.swift; path = Networking/NetworkManager.swift; sourceTree = "<group>"; };
		A1CE5CC71CAB2FB1007D705B /* RomeRoutes.swift */ = {isa = PBXFileReference; fileEncoding = 4; lastKnownFileType = sourcecode.swift; name = RomeRoutes.swift; path = Networking/RomeRoutes.swift; sourceTree = "<group>"; };
		A1CE5CCA1CAB4053007D705B /* Assets.swift */ = {isa = PBXFileReference; fileEncoding = 4; lastKnownFileType = sourcecode.swift; name = Assets.swift; path = Clients/Assets.swift; sourceTree = "<group>"; };
		A1CE5CCC1CAB4077007D705B /* Clients.swift */ = {isa = PBXFileReference; fileEncoding = 4; lastKnownFileType = sourcecode.swift; name = Clients.swift; path = Clients/Clients.swift; sourceTree = "<group>"; };
		A1CE5CCE1CAB4172007D705B /* Bootstrap.swift */ = {isa = PBXFileReference; fileEncoding = 4; lastKnownFileType = sourcecode.swift; path = Bootstrap.swift; sourceTree = "<group>"; };
		A1CE5CD31CAB4D2B007D705B /* Errors.swift */ = {isa = PBXFileReference; fileEncoding = 4; lastKnownFileType = sourcecode.swift; name = Errors.swift; path = Networking/Errors.swift; sourceTree = "<group>"; };
		A1CE5CD71CAB55E3007D705B /* AssetModelTests.swift */ = {isa = PBXFileReference; fileEncoding = 4; lastKnownFileType = sourcecode.swift; name = AssetModelTests.swift; path = "Model Tests/AssetModelTests.swift"; sourceTree = "<group>"; };
		A1CE5CD81CAB55E3007D705B /* ClientModelTests.swift */ = {isa = PBXFileReference; fileEncoding = 4; lastKnownFileType = sourcecode.swift; name = ClientModelTests.swift; path = "Model Tests/ClientModelTests.swift"; sourceTree = "<group>"; };
		A1CE5CDB1CAB561D007D705B /* ClientIntegrationTests.swift */ = {isa = PBXFileReference; fileEncoding = 4; lastKnownFileType = sourcecode.swift; name = ClientIntegrationTests.swift; path = "Integration Tests/ClientIntegrationTests.swift"; sourceTree = "<group>"; };
		A1CE5CDD1CAB57C4007D705B /* Networking.swift */ = {isa = PBXFileReference; fileEncoding = 4; lastKnownFileType = sourcecode.swift; name = Networking.swift; path = Utilities/Networking.swift; sourceTree = "<group>"; };
		A1CE5CDF1CAC8692007D705B /* Headers.swift */ = {isa = PBXFileReference; fileEncoding = 4; lastKnownFileType = sourcecode.swift; name = Headers.swift; path = Networking/Headers.swift; sourceTree = "<group>"; };
/* End PBXFileReference section */

/* Begin PBXFrameworksBuildPhase section */
		A1A19C4D1CA7731D00D38032 /* Frameworks */ = {
			isa = PBXFrameworksBuildPhase;
			buildActionMask = 2147483647;
			files = (
				A1CE5C931CA83FEB007D705B /* ObjectMapper.framework in Frameworks */,
				A1CE5C941CA83FEB007D705B /* Alamofire.framework in Frameworks */,
			);
			runOnlyForDeploymentPostprocessing = 0;
		};
		A1A19C581CA7731D00D38032 /* Frameworks */ = {
			isa = PBXFrameworksBuildPhase;
			buildActionMask = 2147483647;
			files = (
				A1A19C5C1CA7731D00D38032 /* RomeKit.framework in Frameworks */,
			);
			runOnlyForDeploymentPostprocessing = 0;
		};
/* End PBXFrameworksBuildPhase section */

/* Begin PBXGroup section */
		A1A19C471CA7731D00D38032 = {
			isa = PBXGroup;
			children = (
				A1A19C531CA7731D00D38032 /* RomeKit */,
				A1A19C5F1CA7731D00D38032 /* RomeKitTests */,
				A1A19C521CA7731D00D38032 /* Products */,
			);
			sourceTree = "<group>";
		};
		A1A19C521CA7731D00D38032 /* Products */ = {
			isa = PBXGroup;
			children = (
				A1A19C511CA7731D00D38032 /* RomeKit.framework */,
				A1A19C5B1CA7731D00D38032 /* RomeKitTests.xctest */,
			);
			name = Products;
			sourceTree = "<group>";
		};
		A1A19C531CA7731D00D38032 /* RomeKit */ = {
			isa = PBXGroup;
			children = (
				A1CE5C901CA83FDB007D705B /* Frameworks */,
				A1CE5C951CA89C09007D705B /* Models */,
				A1CE5CC91CAB402A007D705B /* Clients */,
				A1CE5CC41CAB2F1C007D705B /* Networking */,
				A1CE5CAE1CA8A497007D705B /* Extensions */,
				A1CE5CCE1CAB4172007D705B /* Bootstrap.swift */,
				A1A19C541CA7731D00D38032 /* RomeKit.h */,
				A1A19C561CA7731D00D38032 /* Info.plist */,
			);
			path = RomeKit;
			sourceTree = "<group>";
		};
		A1A19C5F1CA7731D00D38032 /* RomeKitTests */ = {
			isa = PBXGroup;
			children = (
				A1CE5CD61CAB55B1007D705B /* Integration Tests */,
				A1CE5CD51CAB5574007D705B /* Model Tests */,
				A1CE5CB71CA8B1B3007D705B /* Utilities */,
				A1CE5C9E1CA89F72007D705B /* Sample Data */,
				A1A19C621CA7731D00D38032 /* Info.plist */,
			);
			path = RomeKitTests;
			sourceTree = "<group>";
		};
		A1CE5C901CA83FDB007D705B /* Frameworks */ = {
			isa = PBXGroup;
			children = (
				A1CE5C911CA83FEB007D705B /* ObjectMapper.framework */,
				A1CE5C921CA83FEB007D705B /* Alamofire.framework */,
			);
			name = Frameworks;
			sourceTree = "<group>";
		};
		A1CE5C951CA89C09007D705B /* Models */ = {
			isa = PBXGroup;
			children = (
				A1CE5C9A1CA89EED007D705B /* Client.swift */,
				A1CE5C9B1CA89EED007D705B /* Asset.swift */,
			);
			name = Models;
			sourceTree = "<group>";
		};
		A1CE5C9E1CA89F72007D705B /* Sample Data */ = {
			isa = PBXGroup;
			children = (
				A18931421CAFF3D500458B69 /* sample.zip */,
				A18931321CAD6A1200458B69 /* asset.json */,
				A18931331CAD6A1200458B69 /* assets.json */,
				A18931341CAD6A1200458B69 /* clients.json */,
				A18931351CAD6A1200458B69 /* client.json */,
			);
			name = "Sample Data";
			sourceTree = "<group>";
		};
		A1CE5CAE1CA8A497007D705B /* Extensions */ = {
			isa = PBXGroup;
			children = (
				A1CE5CBA1CA8BBB3007D705B /* ISO8601MilliSecondsDateTransform.swift */,
			);
			name = Extensions;
			sourceTree = "<group>";
		};
		A1CE5CB71CA8B1B3007D705B /* Utilities */ = {
			isa = PBXGroup;
			children = (
				A1CE5CB81CA8B1D9007D705B /* FileHelpers.swift */,
				A1CE5CDD1CAB57C4007D705B /* Networking.swift */,
			);
			name = Utilities;
			sourceTree = "<group>";
		};
		A1CE5CC41CAB2F1C007D705B /* Networking */ = {
			isa = PBXGroup;
			children = (
				A1CE5CC51CAB2F68007D705B /* NetworkManager.swift */,
				A1CE5CC71CAB2FB1007D705B /* RomeRoutes.swift */,
				A1CE5CD31CAB4D2B007D705B /* Errors.swift */,
				A1CE5CDF1CAC8692007D705B /* Headers.swift */,
			);
			name = Networking;
			sourceTree = "<group>";
		};
		A1CE5CC91CAB402A007D705B /* Clients */ = {
			isa = PBXGroup;
			children = (
				A1CE5CCA1CAB4053007D705B /* Assets.swift */,
				A1CE5CCC1CAB4077007D705B /* Clients.swift */,
			);
			name = Clients;
			sourceTree = "<group>";
		};
		A1CE5CD51CAB5574007D705B /* Model Tests */ = {
			isa = PBXGroup;
			children = (
				A1CE5CD71CAB55E3007D705B /* AssetModelTests.swift */,
				A1CE5CD81CAB55E3007D705B /* ClientModelTests.swift */,
			);
			name = "Model Tests";
			sourceTree = "<group>";
		};
		A1CE5CD61CAB55B1007D705B /* Integration Tests */ = {
			isa = PBXGroup;
			children = (
				A1CE5CDB1CAB561D007D705B /* ClientIntegrationTests.swift */,
				A189313C1CAD6AF300458B69 /* AssetIntegrationTests.swift */,
			);
			name = "Integration Tests";
			sourceTree = "<group>";
		};
/* End PBXGroup section */

/* Begin PBXHeadersBuildPhase section */
		A1A19C4E1CA7731D00D38032 /* Headers */ = {
			isa = PBXHeadersBuildPhase;
			buildActionMask = 2147483647;
			files = (
				A1A19C551CA7731D00D38032 /* RomeKit.h in Headers */,
			);
			runOnlyForDeploymentPostprocessing = 0;
		};
/* End PBXHeadersBuildPhase section */

/* Begin PBXNativeTarget section */
		A1A19C501CA7731D00D38032 /* RomeKit */ = {
			isa = PBXNativeTarget;
			buildConfigurationList = A1A19C651CA7731D00D38032 /* Build configuration list for PBXNativeTarget "RomeKit" */;
			buildPhases = (
				A1A19C4C1CA7731D00D38032 /* Sources */,
				A1A19C4D1CA7731D00D38032 /* Frameworks */,
				A1A19C4E1CA7731D00D38032 /* Headers */,
				A1A19C4F1CA7731D00D38032 /* Resources */,
			);
			buildRules = (
			);
			dependencies = (
			);
			name = RomeKit;
			productName = RomeKit;
			productReference = A1A19C511CA7731D00D38032 /* RomeKit.framework */;
			productType = "com.apple.product-type.framework";
		};
		A1A19C5A1CA7731D00D38032 /* RomeKitTests */ = {
			isa = PBXNativeTarget;
			buildConfigurationList = A1A19C681CA7731D00D38032 /* Build configuration list for PBXNativeTarget "RomeKitTests" */;
			buildPhases = (
				A1A19C571CA7731D00D38032 /* Sources */,
				A1A19C581CA7731D00D38032 /* Frameworks */,
				A1A19C591CA7731D00D38032 /* Resources */,
				A1CE5CD11CAB4735007D705B /* CopyFiles */,
			);
			buildRules = (
			);
			dependencies = (
				A1A19C5E1CA7731D00D38032 /* PBXTargetDependency */,
			);
			name = RomeKitTests;
			productName = RomeKitTests;
			productReference = A1A19C5B1CA7731D00D38032 /* RomeKitTests.xctest */;
			productType = "com.apple.product-type.bundle.unit-test";
		};
/* End PBXNativeTarget section */

/* Begin PBXProject section */
		A1A19C481CA7731D00D38032 /* Project object */ = {
			isa = PBXProject;
			attributes = {
				LastSwiftUpdateCheck = 0730;
				LastUpgradeCheck = 0730;
				TargetAttributes = {
					A1A19C501CA7731D00D38032 = {
						CreatedOnToolsVersion = 7.3;
					};
					A1A19C5A1CA7731D00D38032 = {
						CreatedOnToolsVersion = 7.3;
					};
				};
			};
			buildConfigurationList = A1A19C4B1CA7731D00D38032 /* Build configuration list for PBXProject "RomeKit" */;
			compatibilityVersion = "Xcode 3.2";
			developmentRegion = English;
			hasScannedForEncodings = 0;
			knownRegions = (
				en,
			);
			mainGroup = A1A19C471CA7731D00D38032;
			productRefGroup = A1A19C521CA7731D00D38032 /* Products */;
			projectDirPath = "";
			projectRoot = "";
			targets = (
				A1A19C501CA7731D00D38032 /* RomeKit */,
				A1A19C5A1CA7731D00D38032 /* RomeKitTests */,
			);
		};
/* End PBXProject section */

/* Begin PBXResourcesBuildPhase section */
		A1A19C4F1CA7731D00D38032 /* Resources */ = {
			isa = PBXResourcesBuildPhase;
			buildActionMask = 2147483647;
			files = (
			);
			runOnlyForDeploymentPostprocessing = 0;
		};
		A1A19C591CA7731D00D38032 /* Resources */ = {
			isa = PBXResourcesBuildPhase;
			buildActionMask = 2147483647;
			files = (
				A18931371CAD6A1200458B69 /* assets.json in Resources */,
				A18931381CAD6A1200458B69 /* clients.json in Resources */,
				A18931391CAD6A1200458B69 /* client.json in Resources */,
				A18931361CAD6A1200458B69 /* asset.json in Resources */,
				A18931431CAFF3D500458B69 /* sample.zip in Resources */,
			);
			runOnlyForDeploymentPostprocessing = 0;
		};
/* End PBXResourcesBuildPhase section */

/* Begin PBXSourcesBuildPhase section */
		A1A19C4C1CA7731D00D38032 /* Sources */ = {
			isa = PBXSourcesBuildPhase;
			buildActionMask = 2147483647;
			files = (
				A1CE5CE01CAC8692007D705B /* Headers.swift in Sources */,
				A1CE5CCF1CAB4172007D705B /* Bootstrap.swift in Sources */,
				A1CE5CC61CAB2F68007D705B /* NetworkManager.swift in Sources */,
				A1CE5CCD1CAB4077007D705B /* Clients.swift in Sources */,
				A1CE5C9D1CA89EED007D705B /* Asset.swift in Sources */,
				A1CE5CCB1CAB4053007D705B /* Assets.swift in Sources */,
				A1CE5C9C1CA89EED007D705B /* Client.swift in Sources */,
				A1CE5CBB1CA8BBB3007D705B /* ISO8601MilliSecondsDateTransform.swift in Sources */,
				A1CE5CD41CAB4D2B007D705B /* Errors.swift in Sources */,
				A1CE5CC81CAB2FB1007D705B /* RomeRoutes.swift in Sources */,
			);
			runOnlyForDeploymentPostprocessing = 0;
		};
		A1A19C571CA7731D00D38032 /* Sources */ = {
			isa = PBXSourcesBuildPhase;
			buildActionMask = 2147483647;
			files = (
				A1CE5CD91CAB55E3007D705B /* AssetModelTests.swift in Sources */,
				A189313D1CAD6AF300458B69 /* AssetIntegrationTests.swift in Sources */,
				A1CE5CDE1CAB57C4007D705B /* Networking.swift in Sources */,
				A1CE5CDC1CAB561D007D705B /* ClientIntegrationTests.swift in Sources */,
				A1CE5CB91CA8B1D9007D705B /* FileHelpers.swift in Sources */,
				A1CE5CDA1CAB55E3007D705B /* ClientModelTests.swift in Sources */,
			);
			runOnlyForDeploymentPostprocessing = 0;
		};
/* End PBXSourcesBuildPhase section */

/* Begin PBXTargetDependency section */
		A1A19C5E1CA7731D00D38032 /* PBXTargetDependency */ = {
			isa = PBXTargetDependency;
			target = A1A19C501CA7731D00D38032 /* RomeKit */;
			targetProxy = A1A19C5D1CA7731D00D38032 /* PBXContainerItemProxy */;
		};
/* End PBXTargetDependency section */

/* Begin XCBuildConfiguration section */
		A1A19C631CA7731D00D38032 /* Debug */ = {
			isa = XCBuildConfiguration;
			buildSettings = {
				ALWAYS_SEARCH_USER_PATHS = NO;
				CLANG_ANALYZER_NONNULL = YES;
				CLANG_CXX_LANGUAGE_STANDARD = "gnu++0x";
				CLANG_CXX_LIBRARY = "libc++";
				CLANG_ENABLE_MODULES = YES;
				CLANG_ENABLE_OBJC_ARC = YES;
				CLANG_WARN_BOOL_CONVERSION = YES;
				CLANG_WARN_CONSTANT_CONVERSION = YES;
				CLANG_WARN_DIRECT_OBJC_ISA_USAGE = YES_ERROR;
				CLANG_WARN_EMPTY_BODY = YES;
				CLANG_WARN_ENUM_CONVERSION = YES;
				CLANG_WARN_INT_CONVERSION = YES;
				CLANG_WARN_OBJC_ROOT_CLASS = YES_ERROR;
				CLANG_WARN_UNREACHABLE_CODE = YES;
				CLANG_WARN__DUPLICATE_METHOD_MATCH = YES;
				CODE_SIGN_IDENTITY = "-";
				COPY_PHASE_STRIP = NO;
				CURRENT_PROJECT_VERSION = 1;
				DEBUG_INFORMATION_FORMAT = dwarf;
				ENABLE_STRICT_OBJC_MSGSEND = YES;
				ENABLE_TESTABILITY = YES;
				FRAMEWORK_SEARCH_PATHS = "$(PROJECT_DIR)/Carthage/Build/OSX/**";
				GCC_C_LANGUAGE_STANDARD = gnu99;
				GCC_DYNAMIC_NO_PIC = NO;
				GCC_NO_COMMON_BLOCKS = YES;
				GCC_OPTIMIZATION_LEVEL = 0;
				GCC_PREPROCESSOR_DEFINITIONS = (
					"DEBUG=1",
					"$(inherited)",
				);
				GCC_WARN_64_TO_32_BIT_CONVERSION = YES;
				GCC_WARN_ABOUT_RETURN_TYPE = YES_ERROR;
				GCC_WARN_UNDECLARED_SELECTOR = YES;
				GCC_WARN_UNINITIALIZED_AUTOS = YES_AGGRESSIVE;
				GCC_WARN_UNUSED_FUNCTION = YES;
				GCC_WARN_UNUSED_VARIABLE = YES;
				MACOSX_DEPLOYMENT_TARGET = 10.11;
				MTL_ENABLE_DEBUG_INFO = YES;
				ONLY_ACTIVE_ARCH = YES;
				SDKROOT = macosx;
				SWIFT_OPTIMIZATION_LEVEL = "-Onone";
				VERSIONING_SYSTEM = "apple-generic";
				VERSION_INFO_PREFIX = "";
			};
			name = Debug;
		};
		A1A19C641CA7731D00D38032 /* Release */ = {
			isa = XCBuildConfiguration;
			buildSettings = {
				ALWAYS_SEARCH_USER_PATHS = NO;
				CLANG_ANALYZER_NONNULL = YES;
				CLANG_CXX_LANGUAGE_STANDARD = "gnu++0x";
				CLANG_CXX_LIBRARY = "libc++";
				CLANG_ENABLE_MODULES = YES;
				CLANG_ENABLE_OBJC_ARC = YES;
				CLANG_WARN_BOOL_CONVERSION = YES;
				CLANG_WARN_CONSTANT_CONVERSION = YES;
				CLANG_WARN_DIRECT_OBJC_ISA_USAGE = YES_ERROR;
				CLANG_WARN_EMPTY_BODY = YES;
				CLANG_WARN_ENUM_CONVERSION = YES;
				CLANG_WARN_INT_CONVERSION = YES;
				CLANG_WARN_OBJC_ROOT_CLASS = YES_ERROR;
				CLANG_WARN_UNREACHABLE_CODE = YES;
				CLANG_WARN__DUPLICATE_METHOD_MATCH = YES;
				CODE_SIGN_IDENTITY = "-";
				COPY_PHASE_STRIP = NO;
				CURRENT_PROJECT_VERSION = 1;
				DEBUG_INFORMATION_FORMAT = "dwarf-with-dsym";
				ENABLE_NS_ASSERTIONS = NO;
				ENABLE_STRICT_OBJC_MSGSEND = YES;
				FRAMEWORK_SEARCH_PATHS = "$(PROJECT_DIR)/Carthage/Build/OSX/**";
				GCC_C_LANGUAGE_STANDARD = gnu99;
				GCC_NO_COMMON_BLOCKS = YES;
				GCC_WARN_64_TO_32_BIT_CONVERSION = YES;
				GCC_WARN_ABOUT_RETURN_TYPE = YES_ERROR;
				GCC_WARN_UNDECLARED_SELECTOR = YES;
				GCC_WARN_UNINITIALIZED_AUTOS = YES_AGGRESSIVE;
				GCC_WARN_UNUSED_FUNCTION = YES;
				GCC_WARN_UNUSED_VARIABLE = YES;
				MACOSX_DEPLOYMENT_TARGET = 10.11;
				MTL_ENABLE_DEBUG_INFO = NO;
				SDKROOT = macosx;
				VERSIONING_SYSTEM = "apple-generic";
				VERSION_INFO_PREFIX = "";
			};
			name = Release;
		};
		A1A19C661CA7731D00D38032 /* Debug */ = {
			isa = XCBuildConfiguration;
			buildSettings = {
				CLANG_ENABLE_MODULES = YES;
				COMBINE_HIDPI_IMAGES = YES;
				DEFINES_MODULE = YES;
				DYLIB_COMPATIBILITY_VERSION = 1;
				DYLIB_CURRENT_VERSION = 1;
				DYLIB_INSTALL_NAME_BASE = "@rpath";
				FRAMEWORK_SEARCH_PATHS = (
					"$(inherited)",
					"$(PROJECT_DIR)/Carthage/Build/Mac",
				);
				FRAMEWORK_VERSION = A;
				INFOPLIST_FILE = RomeKit/Info.plist;
				INSTALL_PATH = "$(LOCAL_LIBRARY_DIR)/Frameworks";
				LD_RUNPATH_SEARCH_PATHS = "$(inherited) @executable_path/../Frameworks @loader_path/Frameworks $(PROJECT_DIR)/Carthage/Build/Mac";
				PRODUCT_BUNDLE_IDENTIFIER = OneFourSixBC.RomeKit;
				PRODUCT_NAME = "$(TARGET_NAME)";
				SKIP_INSTALL = YES;
				SWIFT_OPTIMIZATION_LEVEL = "-Onone";
			};
			name = Debug;
		};
		A1A19C671CA7731D00D38032 /* Release */ = {
			isa = XCBuildConfiguration;
			buildSettings = {
				CLANG_ENABLE_MODULES = YES;
				COMBINE_HIDPI_IMAGES = YES;
				DEFINES_MODULE = YES;
				DYLIB_COMPATIBILITY_VERSION = 1;
				DYLIB_CURRENT_VERSION = 1;
				DYLIB_INSTALL_NAME_BASE = "@rpath";
				FRAMEWORK_SEARCH_PATHS = (
					"$(inherited)",
					"$(PROJECT_DIR)/Carthage/Build/Mac",
				);
				FRAMEWORK_VERSION = A;
				INFOPLIST_FILE = RomeKit/Info.plist;
				INSTALL_PATH = "$(LOCAL_LIBRARY_DIR)/Frameworks";
				LD_RUNPATH_SEARCH_PATHS = "$(inherited) @executable_path/../Frameworks @loader_path/Frameworks $(PROJECT_DIR)/Carthage/Build/Mac";
				PRODUCT_BUNDLE_IDENTIFIER = OneFourSixBC.RomeKit;
				PRODUCT_NAME = "$(TARGET_NAME)";
				SKIP_INSTALL = YES;
			};
			name = Release;
		};
		A1A19C691CA7731D00D38032 /* Debug */ = {
			isa = XCBuildConfiguration;
			buildSettings = {
				COMBINE_HIDPI_IMAGES = YES;
				FRAMEWORK_SEARCH_PATHS = (
					"$(inherited)",
					"$(PROJECT_DIR)/Carthage/Build/Mac",
				);
				INFOPLIST_FILE = RomeKitTests/Info.plist;
				LD_RUNPATH_SEARCH_PATHS = "$(inherited) @executable_path/../Frameworks @loader_path/../Frameworks $(PROJECT_DIR)/Carthage/Build/Mac";
				PRODUCT_BUNDLE_IDENTIFIER = OneFourSixBC.RomeKitTests;
				PRODUCT_NAME = "$(TARGET_NAME)";
			};
			name = Debug;
		};
		A1A19C6A1CA7731D00D38032 /* Release */ = {
			isa = XCBuildConfiguration;
			buildSettings = {
				COMBINE_HIDPI_IMAGES = YES;
				FRAMEWORK_SEARCH_PATHS = (
					"$(inherited)",
					"$(PROJECT_DIR)/Carthage/Build/Mac",
				);
				INFOPLIST_FILE = RomeKitTests/Info.plist;
				LD_RUNPATH_SEARCH_PATHS = "$(inherited) @executable_path/../Frameworks @loader_path/../Frameworks $(PROJECT_DIR)/Carthage/Build/Mac";
				PRODUCT_BUNDLE_IDENTIFIER = OneFourSixBC.RomeKitTests;
				PRODUCT_NAME = "$(TARGET_NAME)";
			};
			name = Release;
		};
/* End XCBuildConfiguration section */

/* Begin XCConfigurationList section */
		A1A19C4B1CA7731D00D38032 /* Build configuration list for PBXProject "RomeKit" */ = {
			isa = XCConfigurationList;
			buildConfigurations = (
				A1A19C631CA7731D00D38032 /* Debug */,
				A1A19C641CA7731D00D38032 /* Release */,
			);
			defaultConfigurationIsVisible = 0;
			defaultConfigurationName = Release;
		};
		A1A19C651CA7731D00D38032 /* Build configuration list for PBXNativeTarget "RomeKit" */ = {
			isa = XCConfigurationList;
			buildConfigurations = (
				A1A19C661CA7731D00D38032 /* Debug */,
				A1A19C671CA7731D00D38032 /* Release */,
			);
			defaultConfigurationIsVisible = 0;
			defaultConfigurationName = Release;
		};
		A1A19C681CA7731D00D38032 /* Build configuration list for PBXNativeTarget "RomeKitTests" */ = {
			isa = XCConfigurationList;
			buildConfigurations = (
				A1A19C691CA7731D00D38032 /* Debug */,
				A1A19C6A1CA7731D00D38032 /* Release */,
			);
			defaultConfigurationIsVisible = 0;
			defaultConfigurationName = Release;
		};
/* End XCConfigurationList section */
	};
	rootObject = A1A19C481CA7731D00D38032 /* Project object */;
}
